
Microsoft Visual Studio Solution File, Format Version 12.00
# Visual Studio Version 17
VisualStudioVersion = 17.14.36518.9 d17.14
MinimumVisualStudioVersion = 10.0.40219.1
Project("{FAE04EC0-301F-11D3-BF4B-00C04F79EFBC}") = "one_db", "one_db.csproj", "{AD197CAC-6BCF-48D1-AB9A-25805D0640D0}"
EndProject
Global
	GlobalSection(SolutionConfigurationPlatforms) = preSolution
		Debug|Any CPU = Debug|Any CPU
		Release|Any CPU = Release|Any CPU
	EndGlobalSection
	GlobalSection(ProjectConfigurationPlatforms) = postSolution
		{AD197CAC-6BCF-48D1-AB9A-25805D0640D0}.Debug|Any CPU.ActiveCfg = Debug|Any CPU
		{AD197CAC-6BCF-48D1-AB9A-25805D0640D0}.Debug|Any CPU.Build.0 = Debug|Any CPU
		{AD197CAC-6BCF-48D1-AB9A-25805D0640D0}.Release|Any CPU.ActiveCfg = Release|Any CPU
		{AD197CAC-6BCF-48D1-AB9A-25805D0640D0}.Release|Any CPU.Build.0 = Release|Any CPU
	EndGlobalSection
	GlobalSection(SolutionProperties) = preSolution
		HideSolutionNode = FALSE
	EndGlobalSection
	GlobalSection(ExtensibilityGlobals) = postSolution
		SolutionGuid = {36BAB5F2-E387-4800-9B6C-CFF5FB6F017E}
	EndGlobalSection
EndGlobal
